
Microsoft Visual Studio Solution File, Format Version 12.00
# Visual Studio Version 17
VisualStudioVersion = 17.5.002.0
MinimumVisualStudioVersion = 10.0.40219.1
Project("{9A19103F-16F7-4668-BE54-9A1E7A4F7556}") = "LHPet", "LHPet.csproj", "{95BD6621-D883-42BA-9C3A-9A5026C83586}"
EndProject
Global
	GlobalSection(SolutionConfigurationPlatforms) = preSolution
		Debug|Any CPU = Debug|Any CPU
		Release|Any CPU = Release|Any CPU
	EndGlobalSection
	GlobalSection(ProjectConfigurationPlatforms) = postSolution
		{95BD6621-D883-42BA-9C3A-9A5026C83586}.Debug|Any CPU.ActiveCfg = Debug|Any CPU
		{95BD6621-D883-42BA-9C3A-9A5026C83586}.Debug|Any CPU.Build.0 = Debug|Any CPU
		{95BD6621-D883-42BA-9C3A-9A5026C83586}.Release|Any CPU.ActiveCfg = Release|Any CPU
		{95BD6621-D883-42BA-9C3A-9A5026C83586}.Release|Any CPU.Build.0 = Release|Any CPU
	EndGlobalSection
	GlobalSection(SolutionProperties) = preSolution
		HideSolutionNode = FALSE
	EndGlobalSection
	GlobalSection(ExtensibilityGlobals) = postSolution
		SolutionGuid = {581B3322-DA73-46B8-A4DA-B05F230D6211}
	EndGlobalSection
EndGlobal
